<Solution>
  <Folder Name="/Benchmarks/">
    <Project Path="Benchmarks/AutoDI.Benchmarks/AutoDI.Benchmarks.csproj" />
  </Folder>
  <Project Path="AutoDI.Attributes/AutoDI.Attributes.csproj" />
  <Project Path="AutoDI.IntegrationTests/AutoDI.IntegrationTests.csproj" />
  <Project Path="AutoDI.PocApp/AutoDI.PocApp.csproj" />
  <Project Path="AutoDI.SourceGenerator/AutoDI.SourceGenerator.csproj" />
  <Project Path="AutoDI.Testing/AutoDI.Testing.csproj" />
</Solution>
